
Microsoft Visual Studio Solution File, Format Version 12.00
# Visual Studio Version 16
VisualStudioVersion = 16.0.30320.27
MinimumVisualStudioVersion = 10.0.40219.1
Project("{FAE04EC0-301F-11D3-BF4B-00C04F79EFBC}") = "EduX", "EduX.csproj", "{7DC9D9BE-BC86-4779-9A77-CED5C16996D1}"
EndProject
Global
	GlobalSection(SolutionConfigurationPlatforms) = preSolution
		Debug|Any CPU = Debug|Any CPU
		Release|Any CPU = Release|Any CPU
	EndGlobalSection
	GlobalSection(ProjectConfigurationPlatforms) = postSolution
		{7DC9D9BE-BC86-4779-9A77-CED5C16996D1}.Debug|Any CPU.ActiveCfg = Debug|Any CPU
		{7DC9D9BE-BC86-4779-9A77-CED5C16996D1}.Debug|Any CPU.Build.0 = Debug|Any CPU
		{7DC9D9BE-BC86-4779-9A77-CED5C16996D1}.Release|Any CPU.ActiveCfg = Release|Any CPU
		{7DC9D9BE-BC86-4779-9A77-CED5C16996D1}.Release|Any CPU.Build.0 = Release|Any CPU
	EndGlobalSection
	GlobalSection(SolutionProperties) = preSolution
		HideSolutionNode = FALSE
	EndGlobalSection
	GlobalSection(ExtensibilityGlobals) = postSolution
		SolutionGuid = {7E5AA9E8-F26C-4B28-8450-E3D7CACD9582}
	EndGlobalSection
EndGlobal
